
Microsoft Visual Studio Solution File, Format Version 12.00
# Visual Studio Version 17
VisualStudioVersion = 17.5.33530.505
MinimumVisualStudioVersion = 10.0.40219.1
Project("{FAE04EC0-301F-11D3-BF4B-00C04F79EFBC}") = "eTickets", "eTickets\eTickets.csproj", "{4A2D6A4C-F1AC-4DE0-90D7-8B0F2C7E36ED}"
EndProject
Global
	GlobalSection(SolutionConfigurationPlatforms) = preSolution
		Debug|Any CPU = Debug|Any CPU
		Release|Any CPU = Release|Any CPU
	EndGlobalSection
	GlobalSection(ProjectConfigurationPlatforms) = postSolution
		{4A2D6A4C-F1AC-4DE0-90D7-8B0F2C7E36ED}.Debug|Any CPU.ActiveCfg = Debug|Any CPU
		{4A2D6A4C-F1AC-4DE0-90D7-8B0F2C7E36ED}.Debug|Any CPU.Build.0 = Debug|Any CPU
		{4A2D6A4C-F1AC-4DE0-90D7-8B0F2C7E36ED}.Release|Any CPU.ActiveCfg = Release|Any CPU
		{4A2D6A4C-F1AC-4DE0-90D7-8B0F2C7E36ED}.Release|Any CPU.Build.0 = Release|Any CPU
	EndGlobalSection
	GlobalSection(SolutionProperties) = preSolution
		HideSolutionNode = FALSE
	EndGlobalSection
	GlobalSection(ExtensibilityGlobals) = postSolution
		SolutionGuid = {512CA290-7944-4057-92BE-57578EBC21E0}
	EndGlobalSection
EndGlobal
